
Microsoft Visual Studio Solution File, Format Version 12.00
# Visual Studio Version 17
VisualStudioVersion = 17.3.32929.385
MinimumVisualStudioVersion = 10.0.40219.1
Project("{F184B08F-C81C-45F6-A57F-5ABD9991F28F}") = "05_EtiquetasCuadrosDeTextos", "05_EtiquetasCuadrosDeTextos.vbproj", "{B3C27DA8-8F2F-4D8A-AA56-7C2D07D52425}"
EndProject
Global
	GlobalSection(SolutionConfigurationPlatforms) = preSolution
		Debug|Any CPU = Debug|Any CPU
		Release|Any CPU = Release|Any CPU
	EndGlobalSection
	GlobalSection(ProjectConfigurationPlatforms) = postSolution
		{B3C27DA8-8F2F-4D8A-AA56-7C2D07D52425}.Debug|Any CPU.ActiveCfg = Debug|Any CPU
		{B3C27DA8-8F2F-4D8A-AA56-7C2D07D52425}.Debug|Any CPU.Build.0 = Debug|Any CPU
		{B3C27DA8-8F2F-4D8A-AA56-7C2D07D52425}.Release|Any CPU.ActiveCfg = Release|Any CPU
		{B3C27DA8-8F2F-4D8A-AA56-7C2D07D52425}.Release|Any CPU.Build.0 = Release|Any CPU
	EndGlobalSection
	GlobalSection(SolutionProperties) = preSolution
		HideSolutionNode = FALSE
	EndGlobalSection
	GlobalSection(ExtensibilityGlobals) = postSolution
		SolutionGuid = {635054B6-E473-49DA-A122-979034B02CD2}
	EndGlobalSection
EndGlobal
