
Microsoft Visual Studio Solution File, Format Version 12.00
# Visual Studio Version 17
VisualStudioVersion = 17.3.32929.385
MinimumVisualStudioVersion = 10.0.40219.1
Project("{F184B08F-C81C-45F6-A57F-5ABD9991F28F}") = "01_HolaMundo", "01_HolaMundo.vbproj", "{9A0F53D8-FD8B-4B3A-8C38-4365795A1BB9}"
EndProject
Global
	GlobalSection(SolutionConfigurationPlatforms) = preSolution
		Debug|Any CPU = Debug|Any CPU
		Release|Any CPU = Release|Any CPU
	EndGlobalSection
	GlobalSection(ProjectConfigurationPlatforms) = postSolution
		{9A0F53D8-FD8B-4B3A-8C38-4365795A1BB9}.Debug|Any CPU.ActiveCfg = Debug|Any CPU
		{9A0F53D8-FD8B-4B3A-8C38-4365795A1BB9}.Debug|Any CPU.Build.0 = Debug|Any CPU
		{9A0F53D8-FD8B-4B3A-8C38-4365795A1BB9}.Release|Any CPU.ActiveCfg = Release|Any CPU
		{9A0F53D8-FD8B-4B3A-8C38-4365795A1BB9}.Release|Any CPU.Build.0 = Release|Any CPU
	EndGlobalSection
	GlobalSection(SolutionProperties) = preSolution
		HideSolutionNode = FALSE
	EndGlobalSection
	GlobalSection(ExtensibilityGlobals) = postSolution
		SolutionGuid = {2D914E19-8A2F-435F-9FDA-7928E9D182B4}
	EndGlobalSection
EndGlobal
